
Microsoft Visual Studio Solution File, Format Version 12.00
# Visual Studio Version 17
VisualStudioVersion = 17.1.32210.238
MinimumVisualStudioVersion = 10.0.40219.1
Project("{FAE04EC0-301F-11D3-BF4B-00C04F79EFBC}") = "Time's Up!", "Time's Up!.csproj", "{1FF72B58-A9AE-4EA9-9D88-2C3FDFF98952}"
EndProject
Global
	GlobalSection(SolutionConfigurationPlatforms) = preSolution
		Debug|Any CPU = Debug|Any CPU
		Release|Any CPU = Release|Any CPU
	EndGlobalSection
	GlobalSection(ProjectConfigurationPlatforms) = postSolution
		{1FF72B58-A9AE-4EA9-9D88-2C3FDFF98952}.Debug|Any CPU.ActiveCfg = Debug|Any CPU
		{1FF72B58-A9AE-4EA9-9D88-2C3FDFF98952}.Debug|Any CPU.Build.0 = Debug|Any CPU
		{1FF72B58-A9AE-4EA9-9D88-2C3FDFF98952}.Release|Any CPU.ActiveCfg = Release|Any CPU
		{1FF72B58-A9AE-4EA9-9D88-2C3FDFF98952}.Release|Any CPU.Build.0 = Release|Any CPU
	EndGlobalSection
	GlobalSection(SolutionProperties) = preSolution
		HideSolutionNode = FALSE
	EndGlobalSection
	GlobalSection(ExtensibilityGlobals) = postSolution
		SolutionGuid = {B2C28A46-F521-4439-AAE9-E2B3CA8FD8A8}
	EndGlobalSection
EndGlobal
